
Microsoft Visual Studio Solution File, Format Version 12.00
# Visual Studio Version 16
VisualStudioVersion = 16.0.30330.147
MinimumVisualStudioVersion = 10.0.40219.1
Project("{FAE04EC0-301F-11D3-BF4B-00C04F79EFBC}") = "APITest", "APITest\APITest.csproj", "{7351F5EE-76F9-4015-8B64-9B8B3846A006}"
EndProject
Global
	GlobalSection(SolutionConfigurationPlatforms) = preSolution
		Debug|Any CPU = Debug|Any CPU
		Release|Any CPU = Release|Any CPU
	EndGlobalSection
	GlobalSection(ProjectConfigurationPlatforms) = postSolution
		{7351F5EE-76F9-4015-8B64-9B8B3846A006}.Debug|Any CPU.ActiveCfg = Debug|Any CPU
		{7351F5EE-76F9-4015-8B64-9B8B3846A006}.Debug|Any CPU.Build.0 = Debug|Any CPU
		{7351F5EE-76F9-4015-8B64-9B8B3846A006}.Release|Any CPU.ActiveCfg = Release|Any CPU
		{7351F5EE-76F9-4015-8B64-9B8B3846A006}.Release|Any CPU.Build.0 = Release|Any CPU
	EndGlobalSection
	GlobalSection(SolutionProperties) = preSolution
		HideSolutionNode = FALSE
	EndGlobalSection
	GlobalSection(ExtensibilityGlobals) = postSolution
		SolutionGuid = {382CE51E-C355-4D18-9982-51A1EB8DD896}
	EndGlobalSection
EndGlobal
